
Microsoft Visual Studio Solution File, Format Version 12.00
# Visual Studio Version 17
VisualStudioVersion = 17.5.002.0
MinimumVisualStudioVersion = 10.0.40219.1
Project("{9A19103F-16F7-4668-BE54-9A1E7A4F7556}") = "task7", "task7.csproj", "{848FA6BC-514B-497D-9B13-35EA7F57F217}"
EndProject
Global
	GlobalSection(SolutionConfigurationPlatforms) = preSolution
		Debug|Any CPU = Debug|Any CPU
		Release|Any CPU = Release|Any CPU
	EndGlobalSection
	GlobalSection(ProjectConfigurationPlatforms) = postSolution
		{848FA6BC-514B-497D-9B13-35EA7F57F217}.Debug|Any CPU.ActiveCfg = Debug|Any CPU
		{848FA6BC-514B-497D-9B13-35EA7F57F217}.Debug|Any CPU.Build.0 = Debug|Any CPU
		{848FA6BC-514B-497D-9B13-35EA7F57F217}.Release|Any CPU.ActiveCfg = Release|Any CPU
		{848FA6BC-514B-497D-9B13-35EA7F57F217}.Release|Any CPU.Build.0 = Release|Any CPU
	EndGlobalSection
	GlobalSection(SolutionProperties) = preSolution
		HideSolutionNode = FALSE
	EndGlobalSection
	GlobalSection(ExtensibilityGlobals) = postSolution
		SolutionGuid = {EB556396-8405-4595-8BFD-4A8B2053C4B4}
	EndGlobalSection
EndGlobal
