
Microsoft Visual Studio Solution File, Format Version 12.00
# Visual Studio Version 17
VisualStudioVersion = 17.5.002.0
MinimumVisualStudioVersion = 10.0.40219.1
Project("{9A19103F-16F7-4668-BE54-9A1E7A4F7556}") = "task6", "task6.csproj", "{02DB4471-ABDF-4AD7-A486-813FD066706E}"
EndProject
Global
	GlobalSection(SolutionConfigurationPlatforms) = preSolution
		Debug|Any CPU = Debug|Any CPU
		Release|Any CPU = Release|Any CPU
	EndGlobalSection
	GlobalSection(ProjectConfigurationPlatforms) = postSolution
		{02DB4471-ABDF-4AD7-A486-813FD066706E}.Debug|Any CPU.ActiveCfg = Debug|Any CPU
		{02DB4471-ABDF-4AD7-A486-813FD066706E}.Debug|Any CPU.Build.0 = Debug|Any CPU
		{02DB4471-ABDF-4AD7-A486-813FD066706E}.Release|Any CPU.ActiveCfg = Release|Any CPU
		{02DB4471-ABDF-4AD7-A486-813FD066706E}.Release|Any CPU.Build.0 = Release|Any CPU
	EndGlobalSection
	GlobalSection(SolutionProperties) = preSolution
		HideSolutionNode = FALSE
	EndGlobalSection
	GlobalSection(ExtensibilityGlobals) = postSolution
		SolutionGuid = {9CFDA655-93AA-4C11-82FF-A5FDD88A0D96}
	EndGlobalSection
EndGlobal
